
Microsoft Visual Studio Solution File, Format Version 12.00
# Visual Studio Version 17
VisualStudioVersion = 17.5.33530.505
MinimumVisualStudioVersion = 10.0.40219.1
Project("{9A19103F-16F7-4668-BE54-9A1E7A4F7556}") = "InterApi", "InterApi\InterApi.csproj", "{5F5273A8-7DD2-437D-AEBF-3981D95F2061}"
EndProject
Project("{FAE04EC0-301F-11D3-BF4B-00C04F79EFBC}") = "App", "..\App\App.csproj", "{4A925687-3F56-4AB6-9022-0F020D71D9FF}"
EndProject
Global
	GlobalSection(SolutionConfigurationPlatforms) = preSolution
		Debug|Any CPU = Debug|Any CPU
		Release|Any CPU = Release|Any CPU
	EndGlobalSection
	GlobalSection(ProjectConfigurationPlatforms) = postSolution
		{5F5273A8-7DD2-437D-AEBF-3981D95F2061}.Debug|Any CPU.ActiveCfg = Debug|Any CPU
		{5F5273A8-7DD2-437D-AEBF-3981D95F2061}.Debug|Any CPU.Build.0 = Debug|Any CPU
		{5F5273A8-7DD2-437D-AEBF-3981D95F2061}.Release|Any CPU.ActiveCfg = Release|Any CPU
		{5F5273A8-7DD2-437D-AEBF-3981D95F2061}.Release|Any CPU.Build.0 = Release|Any CPU
		{4A925687-3F56-4AB6-9022-0F020D71D9FF}.Debug|Any CPU.ActiveCfg = Debug|Any CPU
		{4A925687-3F56-4AB6-9022-0F020D71D9FF}.Debug|Any CPU.Build.0 = Debug|Any CPU
		{4A925687-3F56-4AB6-9022-0F020D71D9FF}.Release|Any CPU.ActiveCfg = Release|Any CPU
		{4A925687-3F56-4AB6-9022-0F020D71D9FF}.Release|Any CPU.Build.0 = Release|Any CPU
	EndGlobalSection
	GlobalSection(SolutionProperties) = preSolution
		HideSolutionNode = FALSE
	EndGlobalSection
	GlobalSection(ExtensibilityGlobals) = postSolution
		SolutionGuid = {4F133503-6CA4-4D7B-85DE-BF64346E79A4}
	EndGlobalSection
EndGlobal
